github.com/cpuguy83/go-md2man/v2 v2.0.1 h1:r/myEWzV9lfsM1tFLgDyu0atFtJ1fXn261LKYj/3DxU=
github.com/cpuguy83/go-md2man/v2 v2.0.1/go.mod h1:tgQtvFlXSQOSOSIRvRPT7W67SCa46tRHOmNcaadrF8o=
github.com/davecgh/go-spew v1.1.0 h1:ZDRjVQ15GmhC3fiQ8ni8+OwkZQO4DARzQgrnXU1Liz8=
github.com/pmezard/go-difflib v1.0.0 h1:4DBwDE0NGyQoBHbLQYPwSUPoCMWR5BEzIk/f1lZbAQM=
github.com/russross/blackfriday/v2 v2.1.0 h1:JIOH55/0cWyOuilr9/qlrm0BSXldqnqwMsf35Ld67mk=
github.com/russross/blackfriday/v2 v2.1.0/go.mod h1:+Rmxgy9KzJVeS9/2gXHxylqXiyQDYRxCVz55jmeOWTM=
github.com/stretchr/testify v1.7.1 h1:5TQK59W5E3v0r2duFAb7P95B6hEeOyEnHRa8MjYSMTY=
github.com/urfave/cli/v2 v2.5.1 h1:YKwdkyA0xTBzOaP2G0DVxBnCheHGP+Y9VbKAs4K1Ess=
github.com/urfave/cli/v2 v2.5.1/go.mod h1:oDzoM7pVwz6wHn5ogWgFUU1s4VJayeQS+aEZDqXIEJs=
github.com/vikpe/qw-masterstat v0.1.2 h1:CZNQPe7pquPikU6v98s7wKb845sylj4rs/TB/NrokJ0=
github.com/vikpe/qw-masterstat v0.1.2/go.mod h1:w/STeKL75Q8+cCnSE76cOyU3mZxYxgAiTDjTtqptsQE=
github.com/vikpe/udpclient v0.1.0 h1:MUNgWuDRsklZ2t4TYaqQyzgbrD2wIhmFctNYesgEgKU=
github.com/vikpe/udpclient v0.1.0/go.mod h1:kxOJn7/0GRf6M6S8sfXpXqD8nRvCc7l9Jr+o4nPZDWI=
gopkg.in/yaml.v3 v3.0.0-20200313102051-9f266ea9e77c h1:dUUwHk2QECo/6vqA44rthZ8ie2QXMNeKRTHCNY2nXvo=
